PODS:
  - EFQRCode (5.1.6):
    - EFQRCode/Core (= 5.1.6)
  - EFQRCode/Core (5.1.6)
  - ElastosCarrierSDK (5.6.4)
  - GoogleWebRTC (1.1.31999)
  - InputBarAccessoryView (4.3.3):
    - InputBarAccessoryView/Core (= 4.3.3)
  - InputBarAccessoryView/Core (4.3.3)
  - MessageKit (3.1.0):
    - InputBarAccessoryView (~> 4.3.0)
  - QRCodeReader.swift (10.1.0)

DEPENDENCIES:
  - EFQRCode (= 5.1.6)
  - ElastosCarrierSDK
  - GoogleWebRTC
  - MessageKit (= 3.1.0)
  - QRCodeReader.swift (= 10.1.0)

SPEC REPOS:
  https://github.com/CocoaPods/Specs.git:
    - EFQRCode
    - ElastosCarrierSDK
    - GoogleWebRTC
    - InputBarAccessoryView
    - MessageKit
    - QRCodeReader.swift

SPEC CHECKSUMS:
  EFQRCode: a7ea2e517912f5bf6ba258b631327a83cd8084a5
  ElastosCarrierSDK: 90cd6e5a44760a400c7c87977abb1de990b6cb8f
  GoogleWebRTC: b39a78c4f5cc6b0323415b9233db03a2faa7b0f0
  InputBarAccessoryView: 8e7fc09e9cba75e0fee5da13450e15c194806f69
  MessageKit: 3beb578737a5aa2bba25cc27c7b6d6faa09af5a7
  QRCodeReader.swift: 373a389fe9a22d513c879a32a6f647c58f4ef572

PODFILE CHECKSUM: 957eb2b185a9301764c848cc0b38409c1df6e1a4

COCOAPODS: 1.9.3
