PODS:
  - EFQRCode (5.1.6):
    - EFQRCode/Core (= 5.1.6)
  - EFQRCode/Core (5.1.6)
  - ElastosCarrierSDKWebRTC (1.1.0)
  - ElastosWebRtc (0.0.1):
    - ElastosCarrierSDKWebRTC (= 1.1.0)
    - GoogleWebRTC (= 1.1.29400)
  - GoogleWebRTC (1.1.29400)

DEPENDENCIES:
  - EFQRCode
  - ElastosCarrierSDKWebRTC (= 1.1.0)
  - ElastosWebRtc (from `./`)
  - GoogleWebRTC (= 1.1.29400)

SPEC REPOS:
  "git@github.com:Tomas-Shao/specs.git":
    - ElastosCarrierSDKWebRTC
  https://github.com/CocoaPods/Specs.git:
    - EFQRCode
    - GoogleWebRTC

EXTERNAL SOURCES:
  ElastosWebRtc:
    :path: "./"

SPEC CHECKSUMS:
  EFQRCode: a7ea2e517912f5bf6ba258b631327a83cd8084a5
  ElastosCarrierSDKWebRTC: 3ccd4b5a94b6d697fa7ee27dd6f6fcf760c818cc
  ElastosWebRtc: ceacadac95781d5264d88e0132642af2e65befcd
  GoogleWebRTC: cfb83bc346435a17fe06bb05f04ad826b858a7fb

PODFILE CHECKSUM: c1b8b096c83087f4d5d5e2f874228f4f4d2a5299

COCOAPODS: 1.9.3
